
Microsoft Visual Studio Solution File, Format Version 12.00
# Visual Studio 15
VisualStudioVersion = 15.0.26124.0
MinimumVisualStudioVersion = 15.0.26124.0
Project("{FAE04EC0-301F-11D3-BF4B-00C04F79EFBC}") = "AzureMeetup.ApiManagementDemo.API", "AzureMeetup.ApiManagementDemo.API\AzureMeetup.ApiManagementDemo.API.csproj", "{513E3BC3-3475-4F34-AD03-D151F1D7A44A}"
EndProject
Project("{FAE04EC0-301F-11D3-BF4B-00C04F79EFBC}") = "AzureMeetup.ApiManagementDemo.SPA", "AzureMeetup.ApiManagementDemo.SPA\AzureMeetup.ApiManagementDemo.SPA.csproj", "{11D22A4A-C48A-40E2-AC84-0EF04734A1BF}"
EndProject
Global
	GlobalSection(SolutionConfigurationPlatforms) = preSolution
		Debug|Any CPU = Debug|Any CPU
		Debug|x64 = Debug|x64
		Debug|x86 = Debug|x86
		Release|Any CPU = Release|Any CPU
		Release|x64 = Release|x64
		Release|x86 = Release|x86
	EndGlobalSection
	GlobalSection(SolutionProperties) = preSolution
		HideSolutionNode = FALSE
	EndGlobalSection
	GlobalSection(ProjectConfigurationPlatforms) = postSolution
		{513E3BC3-3475-4F34-AD03-D151F1D7A44A}.Debug|Any CPU.ActiveCfg = Debug|Any CPU
		{513E3BC3-3475-4F34-AD03-D151F1D7A44A}.Debug|Any CPU.Build.0 = Debug|Any CPU
		{513E3BC3-3475-4F34-AD03-D151F1D7A44A}.Debug|x64.ActiveCfg = Debug|Any CPU
		{513E3BC3-3475-4F34-AD03-D151F1D7A44A}.Debug|x64.Build.0 = Debug|Any CPU
		{513E3BC3-3475-4F34-AD03-D151F1D7A44A}.Debug|x86.ActiveCfg = Debug|Any CPU
		{513E3BC3-3475-4F34-AD03-D151F1D7A44A}.Debug|x86.Build.0 = Debug|Any CPU
		{513E3BC3-3475-4F34-AD03-D151F1D7A44A}.Release|Any CPU.ActiveCfg = Release|Any CPU
		{513E3BC3-3475-4F34-AD03-D151F1D7A44A}.Release|Any CPU.Build.0 = Release|Any CPU
		{513E3BC3-3475-4F34-AD03-D151F1D7A44A}.Release|x64.ActiveCfg = Release|Any CPU
		{513E3BC3-3475-4F34-AD03-D151F1D7A44A}.Release|x64.Build.0 = Release|Any CPU
		{513E3BC3-3475-4F34-AD03-D151F1D7A44A}.Release|x86.ActiveCfg = Release|Any CPU
		{513E3BC3-3475-4F34-AD03-D151F1D7A44A}.Release|x86.Build.0 = Release|Any CPU
		{11D22A4A-C48A-40E2-AC84-0EF04734A1BF}.Debug|Any CPU.ActiveCfg = Debug|Any CPU
		{11D22A4A-C48A-40E2-AC84-0EF04734A1BF}.Debug|Any CPU.Build.0 = Debug|Any CPU
		{11D22A4A-C48A-40E2-AC84-0EF04734A1BF}.Debug|x64.ActiveCfg = Debug|Any CPU
		{11D22A4A-C48A-40E2-AC84-0EF04734A1BF}.Debug|x64.Build.0 = Debug|Any CPU
		{11D22A4A-C48A-40E2-AC84-0EF04734A1BF}.Debug|x86.ActiveCfg = Debug|Any CPU
		{11D22A4A-C48A-40E2-AC84-0EF04734A1BF}.Debug|x86.Build.0 = Debug|Any CPU
		{11D22A4A-C48A-40E2-AC84-0EF04734A1BF}.Release|Any CPU.ActiveCfg = Release|Any CPU
		{11D22A4A-C48A-40E2-AC84-0EF04734A1BF}.Release|Any CPU.Build.0 = Release|Any CPU
		{11D22A4A-C48A-40E2-AC84-0EF04734A1BF}.Release|x64.ActiveCfg = Release|Any CPU
		{11D22A4A-C48A-40E2-AC84-0EF04734A1BF}.Release|x64.Build.0 = Release|Any CPU
		{11D22A4A-C48A-40E2-AC84-0EF04734A1BF}.Release|x86.ActiveCfg = Release|Any CPU
		{11D22A4A-C48A-40E2-AC84-0EF04734A1BF}.Release|x86.Build.0 = Release|Any CPU
	EndGlobalSection
EndGlobal
